
Microsoft Visual Studio Solution File, Format Version 12.00
# Visual Studio Version 17
VisualStudioVersion = 17.8.34511.84
MinimumVisualStudioVersion = 10.0.40219.1
Project("{FAE04EC0-301F-11D3-BF4B-00C04F79EFBC}") = "BoxOfT", "01.Box\BoxOfT.csproj", "{84FA54DD-9495-4B8C-B49F-03A34375F8C9}"
EndProject
Project("{FAE04EC0-301F-11D3-BF4B-00C04F79EFBC}") = "GenericArrayCreator", "GenericArrayCreator\GenericArrayCreator.csproj", "{A72A5E9B-0592-4B88-BCBB-F0DB171C3C38}"
EndProject
Project("{FAE04EC0-301F-11D3-BF4B-00C04F79EFBC}") = "GenericScale", "GenericScale\GenericScale.csproj", "{9D86ADB8-25AA-42DF-B677-E1EAB622B978}"
EndProject
Global
	GlobalSection(SolutionConfigurationPlatforms) = preSolution
		Debug|Any CPU = Debug|Any CPU
		Release|Any CPU = Release|Any CPU
	EndGlobalSection
	GlobalSection(ProjectConfigurationPlatforms) = postSolution
		{84FA54DD-9495-4B8C-B49F-03A34375F8C9}.Debug|Any CPU.ActiveCfg = Debug|Any CPU
		{84FA54DD-9495-4B8C-B49F-03A34375F8C9}.Debug|Any CPU.Build.0 = Debug|Any CPU
		{84FA54DD-9495-4B8C-B49F-03A34375F8C9}.Release|Any CPU.ActiveCfg = Release|Any CPU
		{84FA54DD-9495-4B8C-B49F-03A34375F8C9}.Release|Any CPU.Build.0 = Release|Any CPU
		{A72A5E9B-0592-4B88-BCBB-F0DB171C3C38}.Debug|Any CPU.ActiveCfg = Debug|Any CPU
		{A72A5E9B-0592-4B88-BCBB-F0DB171C3C38}.Debug|Any CPU.Build.0 = Debug|Any CPU
		{A72A5E9B-0592-4B88-BCBB-F0DB171C3C38}.Release|Any CPU.ActiveCfg = Release|Any CPU
		{A72A5E9B-0592-4B88-BCBB-F0DB171C3C38}.Release|Any CPU.Build.0 = Release|Any CPU
		{9D86ADB8-25AA-42DF-B677-E1EAB622B978}.Debug|Any CPU.ActiveCfg = Debug|Any CPU
		{9D86ADB8-25AA-42DF-B677-E1EAB622B978}.Debug|Any CPU.Build.0 = Debug|Any CPU
		{9D86ADB8-25AA-42DF-B677-E1EAB622B978}.Release|Any CPU.ActiveCfg = Release|Any CPU
		{9D86ADB8-25AA-42DF-B677-E1EAB622B978}.Release|Any CPU.Build.0 = Release|Any CPU
	EndGlobalSection
	GlobalSection(SolutionProperties) = preSolution
		HideSolutionNode = FALSE
	EndGlobalSection
	GlobalSection(ExtensibilityGlobals) = postSolution
		SolutionGuid = {C4593538-B677-46F2-B1D6-CA1AA643FDBE}
	EndGlobalSection
EndGlobal
