
Microsoft Visual Studio Solution File, Format Version 12.00
# Visual Studio Version 17
VisualStudioVersion = 17.6.33815.320
MinimumVisualStudioVersion = 10.0.40219.1
Project("{FAE04EC0-301F-11D3-BF4B-00C04F79EFBC}") = "PC store", "PC store\PC store.csproj", "{6D103543-2E83-4B5C-8457-692F1CEEE0C3}"
EndProject
Project("{FAE04EC0-301F-11D3-BF4B-00C04F79EFBC}") = "FootballKit", "FootballKit\FootballKit.csproj", "{E9D9EFB4-681A-4351-B2FB-517C448385CE}"
EndProject
Project("{FAE04EC0-301F-11D3-BF4B-00C04F79EFBC}") = "Courier Express", "Courier Express\Courier Express.csproj", "{83E6AE04-15B0-422A-B788-1AEBB07D7229}"
EndProject
Project("{FAE04EC0-301F-11D3-BF4B-00C04F79EFBC}") = "Workout", "Workout\Workout.csproj", "{5386E83C-6EA9-45FC-894C-4A8BE7266C2B}"
EndProject
Project("{FAE04EC0-301F-11D3-BF4B-00C04F79EFBC}") = "Everest", "Everest\Everest.csproj", "{5C7C0CA2-446C-46F5-A7E4-0002ED2E88D8}"
EndProject
Project("{FAE04EC0-301F-11D3-BF4B-00C04F79EFBC}") = "Substitute", "Substitute\Substitute.csproj", "{D8724EB7-1F11-4129-BA6E-DABB003CB4BC}"
EndProject
Global
	GlobalSection(SolutionConfigurationPlatforms) = preSolution
		Debug|Any CPU = Debug|Any CPU
		Release|Any CPU = Release|Any CPU
	EndGlobalSection
	GlobalSection(ProjectConfigurationPlatforms) = postSolution
		{6D103543-2E83-4B5C-8457-692F1CEEE0C3}.Debug|Any CPU.ActiveCfg = Debug|Any CPU
		{6D103543-2E83-4B5C-8457-692F1CEEE0C3}.Debug|Any CPU.Build.0 = Debug|Any CPU
		{6D103543-2E83-4B5C-8457-692F1CEEE0C3}.Release|Any CPU.ActiveCfg = Release|Any CPU
		{6D103543-2E83-4B5C-8457-692F1CEEE0C3}.Release|Any CPU.Build.0 = Release|Any CPU
		{E9D9EFB4-681A-4351-B2FB-517C448385CE}.Debug|Any CPU.ActiveCfg = Debug|Any CPU
		{E9D9EFB4-681A-4351-B2FB-517C448385CE}.Debug|Any CPU.Build.0 = Debug|Any CPU
		{E9D9EFB4-681A-4351-B2FB-517C448385CE}.Release|Any CPU.ActiveCfg = Release|Any CPU
		{E9D9EFB4-681A-4351-B2FB-517C448385CE}.Release|Any CPU.Build.0 = Release|Any CPU
		{83E6AE04-15B0-422A-B788-1AEBB07D7229}.Debug|Any CPU.ActiveCfg = Debug|Any CPU
		{83E6AE04-15B0-422A-B788-1AEBB07D7229}.Debug|Any CPU.Build.0 = Debug|Any CPU
		{83E6AE04-15B0-422A-B788-1AEBB07D7229}.Release|Any CPU.ActiveCfg = Release|Any CPU
		{83E6AE04-15B0-422A-B788-1AEBB07D7229}.Release|Any CPU.Build.0 = Release|Any CPU
		{5386E83C-6EA9-45FC-894C-4A8BE7266C2B}.Debug|Any CPU.ActiveCfg = Debug|Any CPU
		{5386E83C-6EA9-45FC-894C-4A8BE7266C2B}.Debug|Any CPU.Build.0 = Debug|Any CPU
		{5386E83C-6EA9-45FC-894C-4A8BE7266C2B}.Release|Any CPU.ActiveCfg = Release|Any CPU
		{5386E83C-6EA9-45FC-894C-4A8BE7266C2B}.Release|Any CPU.Build.0 = Release|Any CPU
		{5C7C0CA2-446C-46F5-A7E4-0002ED2E88D8}.Debug|Any CPU.ActiveCfg = Debug|Any CPU
		{5C7C0CA2-446C-46F5-A7E4-0002ED2E88D8}.Debug|Any CPU.Build.0 = Debug|Any CPU
		{5C7C0CA2-446C-46F5-A7E4-0002ED2E88D8}.Release|Any CPU.ActiveCfg = Release|Any CPU
		{5C7C0CA2-446C-46F5-A7E4-0002ED2E88D8}.Release|Any CPU.Build.0 = Release|Any CPU
		{D8724EB7-1F11-4129-BA6E-DABB003CB4BC}.Debug|Any CPU.ActiveCfg = Debug|Any CPU
		{D8724EB7-1F11-4129-BA6E-DABB003CB4BC}.Debug|Any CPU.Build.0 = Debug|Any CPU
		{D8724EB7-1F11-4129-BA6E-DABB003CB4BC}.Release|Any CPU.ActiveCfg = Release|Any CPU
		{D8724EB7-1F11-4129-BA6E-DABB003CB4BC}.Release|Any CPU.Build.0 = Release|Any CPU
	EndGlobalSection
	GlobalSection(SolutionProperties) = preSolution
		HideSolutionNode = FALSE
	EndGlobalSection
	GlobalSection(ExtensibilityGlobals) = postSolution
		SolutionGuid = {017B5CA0-8F84-454D-AABB-DF19EF6945A8}
	EndGlobalSection
EndGlobal
