
Microsoft Visual Studio Solution File, Format Version 12.00
# Visual Studio Version 17
VisualStudioVersion = 17.6.33815.320
MinimumVisualStudioVersion = 10.0.40219.1
Project("{FAE04EC0-301F-11D3-BF4B-00C04F79EFBC}") = "01. Data Types", "01. Data Types\01. Data Types.csproj", "{E3025C32-8FFA-48BD-A3DA-D8FC7A257A64}"
EndProject
Project("{FAE04EC0-301F-11D3-BF4B-00C04F79EFBC}") = "02. Center Point", "02. Center Point\02. Center Point.csproj", "{C678F861-8138-49C6-B49E-8249C610E68D}"
EndProject
Project("{FAE04EC0-301F-11D3-BF4B-00C04F79EFBC}") = "03. Longer Line", "03. Longer Line\03. Longer Line.csproj", "{CDE6934B-6380-4561-942B-86302757A996}"
EndProject
Project("{FAE04EC0-301F-11D3-BF4B-00C04F79EFBC}") = "04. Tribonacci Sequence", "04. Tribonacci Sequence\04. Tribonacci Sequence.csproj", "{0517CC5E-A98E-413E-BA35-22A16A525EF9}"
EndProject
Project("{FAE04EC0-301F-11D3-BF4B-00C04F79EFBC}") = "05. Multiplication Sign", "05. Multiplication Sign\05. Multiplication Sign.csproj", "{DFB623CA-2414-41D3-932A-77B27681F0CA}"
EndProject
Global
	GlobalSection(SolutionConfigurationPlatforms) = preSolution
		Debug|Any CPU = Debug|Any CPU
		Release|Any CPU = Release|Any CPU
	EndGlobalSection
	GlobalSection(ProjectConfigurationPlatforms) = postSolution
		{E3025C32-8FFA-48BD-A3DA-D8FC7A257A64}.Debug|Any CPU.ActiveCfg = Debug|Any CPU
		{E3025C32-8FFA-48BD-A3DA-D8FC7A257A64}.Debug|Any CPU.Build.0 = Debug|Any CPU
		{E3025C32-8FFA-48BD-A3DA-D8FC7A257A64}.Release|Any CPU.ActiveCfg = Release|Any CPU
		{E3025C32-8FFA-48BD-A3DA-D8FC7A257A64}.Release|Any CPU.Build.0 = Release|Any CPU
		{C678F861-8138-49C6-B49E-8249C610E68D}.Debug|Any CPU.ActiveCfg = Debug|Any CPU
		{C678F861-8138-49C6-B49E-8249C610E68D}.Debug|Any CPU.Build.0 = Debug|Any CPU
		{C678F861-8138-49C6-B49E-8249C610E68D}.Release|Any CPU.ActiveCfg = Release|Any CPU
		{C678F861-8138-49C6-B49E-8249C610E68D}.Release|Any CPU.Build.0 = Release|Any CPU
		{CDE6934B-6380-4561-942B-86302757A996}.Debug|Any CPU.ActiveCfg = Debug|Any CPU
		{CDE6934B-6380-4561-942B-86302757A996}.Debug|Any CPU.Build.0 = Debug|Any CPU
		{CDE6934B-6380-4561-942B-86302757A996}.Release|Any CPU.ActiveCfg = Release|Any CPU
		{CDE6934B-6380-4561-942B-86302757A996}.Release|Any CPU.Build.0 = Release|Any CPU
		{0517CC5E-A98E-413E-BA35-22A16A525EF9}.Debug|Any CPU.ActiveCfg = Debug|Any CPU
		{0517CC5E-A98E-413E-BA35-22A16A525EF9}.Debug|Any CPU.Build.0 = Debug|Any CPU
		{0517CC5E-A98E-413E-BA35-22A16A525EF9}.Release|Any CPU.ActiveCfg = Release|Any CPU
		{0517CC5E-A98E-413E-BA35-22A16A525EF9}.Release|Any CPU.Build.0 = Release|Any CPU
		{DFB623CA-2414-41D3-932A-77B27681F0CA}.Debug|Any CPU.ActiveCfg = Debug|Any CPU
		{DFB623CA-2414-41D3-932A-77B27681F0CA}.Debug|Any CPU.Build.0 = Debug|Any CPU
		{DFB623CA-2414-41D3-932A-77B27681F0CA}.Release|Any CPU.ActiveCfg = Release|Any CPU
		{DFB623CA-2414-41D3-932A-77B27681F0CA}.Release|Any CPU.Build.0 = Release|Any CPU
	EndGlobalSection
	GlobalSection(SolutionProperties) = preSolution
		HideSolutionNode = FALSE
	EndGlobalSection
	GlobalSection(ExtensibilityGlobals) = postSolution
		SolutionGuid = {027410A3-C620-4950-AB29-73D0F86457E6}
	EndGlobalSection
EndGlobal
