
Microsoft Visual Studio Solution File, Format Version 12.00
# Visual Studio Version 17
VisualStudioVersion = 17.8.34511.84
MinimumVisualStudioVersion = 10.0.40219.1
Project("{FAE04EC0-301F-11D3-BF4B-00C04F79EFBC}") = "01.OffroadChallenge", "01.OffroadChallenge\01.OffroadChallenge.csproj", "{15491F7D-BBC9-4DF0-8CE9-BC87101CD38B}"
EndProject
Project("{FAE04EC0-301F-11D3-BF4B-00C04F79EFBC}") = "02.FishingCompetition", "02.FishingCompetition\02.FishingCompetition.csproj", "{CC4D10AE-CC30-4B3A-9278-3A853436BE55}"
EndProject
Project("{FAE04EC0-301F-11D3-BF4B-00C04F79EFBC}") = "MailClient", "03.MailClient\MailClient.csproj", "{1F2DC064-E336-4496-BEEB-E80BE172015C}"
EndProject
Global
	GlobalSection(SolutionConfigurationPlatforms) = preSolution
		Debug|Any CPU = Debug|Any CPU
		Release|Any CPU = Release|Any CPU
	EndGlobalSection
	GlobalSection(ProjectConfigurationPlatforms) = postSolution
		{15491F7D-BBC9-4DF0-8CE9-BC87101CD38B}.Debug|Any CPU.ActiveCfg = Debug|Any CPU
		{15491F7D-BBC9-4DF0-8CE9-BC87101CD38B}.Debug|Any CPU.Build.0 = Debug|Any CPU
		{15491F7D-BBC9-4DF0-8CE9-BC87101CD38B}.Release|Any CPU.ActiveCfg = Release|Any CPU
		{15491F7D-BBC9-4DF0-8CE9-BC87101CD38B}.Release|Any CPU.Build.0 = Release|Any CPU
		{CC4D10AE-CC30-4B3A-9278-3A853436BE55}.Debug|Any CPU.ActiveCfg = Debug|Any CPU
		{CC4D10AE-CC30-4B3A-9278-3A853436BE55}.Debug|Any CPU.Build.0 = Debug|Any CPU
		{CC4D10AE-CC30-4B3A-9278-3A853436BE55}.Release|Any CPU.ActiveCfg = Release|Any CPU
		{CC4D10AE-CC30-4B3A-9278-3A853436BE55}.Release|Any CPU.Build.0 = Release|Any CPU
		{1F2DC064-E336-4496-BEEB-E80BE172015C}.Debug|Any CPU.ActiveCfg = Debug|Any CPU
		{1F2DC064-E336-4496-BEEB-E80BE172015C}.Debug|Any CPU.Build.0 = Debug|Any CPU
		{1F2DC064-E336-4496-BEEB-E80BE172015C}.Release|Any CPU.ActiveCfg = Release|Any CPU
		{1F2DC064-E336-4496-BEEB-E80BE172015C}.Release|Any CPU.Build.0 = Release|Any CPU
	EndGlobalSection
	GlobalSection(SolutionProperties) = preSolution
		HideSolutionNode = FALSE
	EndGlobalSection
	GlobalSection(ExtensibilityGlobals) = postSolution
		SolutionGuid = {67821F60-A7A4-4DD9-81C9-DD561CCA5E3D}
	EndGlobalSection
EndGlobal
