
Microsoft Visual Studio Solution File, Format Version 12.00
# Visual Studio Version 17
VisualStudioVersion = 17.8.34601.278
MinimumVisualStudioVersion = 10.0.40219.1
Project("{FAE04EC0-301F-11D3-BF4B-00C04F79EFBC}") = "CommandPattern", "CommandPattern\CommandPattern.csproj", "{4EF22BCB-0857-48D4-94DB-B1413C15FB55}"
EndProject
Project("{FAE04EC0-301F-11D3-BF4B-00C04F79EFBC}") = "ValidationAttributes", "ValidationAttributes\ValidationAttributes.csproj", "{E88C4D26-0FFD-424A-9DBA-26D378419FC1}"
EndProject
Global
	GlobalSection(SolutionConfigurationPlatforms) = preSolution
		Debug|Any CPU = Debug|Any CPU
		Release|Any CPU = Release|Any CPU
	EndGlobalSection
	GlobalSection(ProjectConfigurationPlatforms) = postSolution
		{4EF22BCB-0857-48D4-94DB-B1413C15FB55}.Debug|Any CPU.ActiveCfg = Debug|Any CPU
		{4EF22BCB-0857-48D4-94DB-B1413C15FB55}.Debug|Any CPU.Build.0 = Debug|Any CPU
		{4EF22BCB-0857-48D4-94DB-B1413C15FB55}.Release|Any CPU.ActiveCfg = Release|Any CPU
		{4EF22BCB-0857-48D4-94DB-B1413C15FB55}.Release|Any CPU.Build.0 = Release|Any CPU
		{E88C4D26-0FFD-424A-9DBA-26D378419FC1}.Debug|Any CPU.ActiveCfg = Debug|Any CPU
		{E88C4D26-0FFD-424A-9DBA-26D378419FC1}.Debug|Any CPU.Build.0 = Debug|Any CPU
		{E88C4D26-0FFD-424A-9DBA-26D378419FC1}.Release|Any CPU.ActiveCfg = Release|Any CPU
		{E88C4D26-0FFD-424A-9DBA-26D378419FC1}.Release|Any CPU.Build.0 = Release|Any CPU
	EndGlobalSection
	GlobalSection(SolutionProperties) = preSolution
		HideSolutionNode = FALSE
	EndGlobalSection
	GlobalSection(ExtensibilityGlobals) = postSolution
		SolutionGuid = {8E50BCF5-1BF3-4F6E-B2B1-3273B1C4160F}
	EndGlobalSection
EndGlobal
