
Microsoft Visual Studio Solution File, Format Version 12.00
# Visual Studio Version 17
VisualStudioVersion = 17.8.34601.278
MinimumVisualStudioVersion = 10.0.40219.1
Project("{FAE04EC0-301F-11D3-BF4B-00C04F79EFBC}") = "Shapes", "Shapes\Shapes.csproj", "{EF30F27E-580D-4F09-8966-E98AA83FD419}"
EndProject
Project("{FAE04EC0-301F-11D3-BF4B-00C04F79EFBC}") = "Cars", "Cars\Cars.csproj", "{59335FB8-80FF-477F-A79D-CC5A19D87BF3}"
EndProject
Global
	GlobalSection(SolutionConfigurationPlatforms) = preSolution
		Debug|Any CPU = Debug|Any CPU
		Release|Any CPU = Release|Any CPU
	EndGlobalSection
	GlobalSection(ProjectConfigurationPlatforms) = postSolution
		{EF30F27E-580D-4F09-8966-E98AA83FD419}.Debug|Any CPU.ActiveCfg = Debug|Any CPU
		{EF30F27E-580D-4F09-8966-E98AA83FD419}.Debug|Any CPU.Build.0 = Debug|Any CPU
		{EF30F27E-580D-4F09-8966-E98AA83FD419}.Release|Any CPU.ActiveCfg = Release|Any CPU
		{EF30F27E-580D-4F09-8966-E98AA83FD419}.Release|Any CPU.Build.0 = Release|Any CPU
		{59335FB8-80FF-477F-A79D-CC5A19D87BF3}.Debug|Any CPU.ActiveCfg = Debug|Any CPU
		{59335FB8-80FF-477F-A79D-CC5A19D87BF3}.Debug|Any CPU.Build.0 = Debug|Any CPU
		{59335FB8-80FF-477F-A79D-CC5A19D87BF3}.Release|Any CPU.ActiveCfg = Release|Any CPU
		{59335FB8-80FF-477F-A79D-CC5A19D87BF3}.Release|Any CPU.Build.0 = Release|Any CPU
	EndGlobalSection
	GlobalSection(SolutionProperties) = preSolution
		HideSolutionNode = FALSE
	EndGlobalSection
	GlobalSection(ExtensibilityGlobals) = postSolution
		SolutionGuid = {EEBAE635-30DF-4746-A91C-1BAB952E9A81}
	EndGlobalSection
EndGlobal
