
Microsoft Visual Studio Solution File, Format Version 12.00
# Visual Studio Version 17
VisualStudioVersion = 17.6.33815.320
MinimumVisualStudioVersion = 10.0.40219.1
Project("{9A19103F-16F7-4668-BE54-9A1E7A4F7556}") = "01. Messaging", "01. Messaging\01. Messaging.csproj", "{61A2C245-9636-497B-A1BD-FFCC73BA130F}"
EndProject
Project("{FAE04EC0-301F-11D3-BF4B-00C04F79EFBC}") = "02. Car Race", "02. Car Race\02. Car Race.csproj", "{4EB0137F-E3CD-4E6B-8DDC-F688A129B7FF}"
EndProject
Project("{FAE04EC0-301F-11D3-BF4B-00C04F79EFBC}") = "03. TakeSkip Rope", "03. TakeSkip Rope\03. TakeSkip Rope.csproj", "{EFBEC94B-2FEB-431B-A93A-ABCEFD59ECE0}"
EndProject
Project("{FAE04EC0-301F-11D3-BF4B-00C04F79EFBC}") = "04. Mixed up Lists", "04. Mixed up Lists\04. Mixed up Lists.csproj", "{3D13814F-A0B3-419A-BDD5-E145B5E34846}"
EndProject
Project("{FAE04EC0-301F-11D3-BF4B-00C04F79EFBC}") = "05. Drum Set", "05. Drum Set\05. Drum Set.csproj", "{27EE9915-EA5E-469B-A2CC-DF01D1F227B2}"
EndProject
Global
	GlobalSection(SolutionConfigurationPlatforms) = preSolution
		Debug|Any CPU = Debug|Any CPU
		Release|Any CPU = Release|Any CPU
	EndGlobalSection
	GlobalSection(ProjectConfigurationPlatforms) = postSolution
		{61A2C245-9636-497B-A1BD-FFCC73BA130F}.Debug|Any CPU.ActiveCfg = Debug|Any CPU
		{61A2C245-9636-497B-A1BD-FFCC73BA130F}.Debug|Any CPU.Build.0 = Debug|Any CPU
		{61A2C245-9636-497B-A1BD-FFCC73BA130F}.Release|Any CPU.ActiveCfg = Release|Any CPU
		{61A2C245-9636-497B-A1BD-FFCC73BA130F}.Release|Any CPU.Build.0 = Release|Any CPU
		{4EB0137F-E3CD-4E6B-8DDC-F688A129B7FF}.Debug|Any CPU.ActiveCfg = Debug|Any CPU
		{4EB0137F-E3CD-4E6B-8DDC-F688A129B7FF}.Debug|Any CPU.Build.0 = Debug|Any CPU
		{4EB0137F-E3CD-4E6B-8DDC-F688A129B7FF}.Release|Any CPU.ActiveCfg = Release|Any CPU
		{4EB0137F-E3CD-4E6B-8DDC-F688A129B7FF}.Release|Any CPU.Build.0 = Release|Any CPU
		{EFBEC94B-2FEB-431B-A93A-ABCEFD59ECE0}.Debug|Any CPU.ActiveCfg = Debug|Any CPU
		{EFBEC94B-2FEB-431B-A93A-ABCEFD59ECE0}.Debug|Any CPU.Build.0 = Debug|Any CPU
		{EFBEC94B-2FEB-431B-A93A-ABCEFD59ECE0}.Release|Any CPU.ActiveCfg = Release|Any CPU
		{EFBEC94B-2FEB-431B-A93A-ABCEFD59ECE0}.Release|Any CPU.Build.0 = Release|Any CPU
		{3D13814F-A0B3-419A-BDD5-E145B5E34846}.Debug|Any CPU.ActiveCfg = Debug|Any CPU
		{3D13814F-A0B3-419A-BDD5-E145B5E34846}.Debug|Any CPU.Build.0 = Debug|Any CPU
		{3D13814F-A0B3-419A-BDD5-E145B5E34846}.Release|Any CPU.ActiveCfg = Release|Any CPU
		{3D13814F-A0B3-419A-BDD5-E145B5E34846}.Release|Any CPU.Build.0 = Release|Any CPU
		{27EE9915-EA5E-469B-A2CC-DF01D1F227B2}.Debug|Any CPU.ActiveCfg = Debug|Any CPU
		{27EE9915-EA5E-469B-A2CC-DF01D1F227B2}.Debug|Any CPU.Build.0 = Debug|Any CPU
		{27EE9915-EA5E-469B-A2CC-DF01D1F227B2}.Release|Any CPU.ActiveCfg = Release|Any CPU
		{27EE9915-EA5E-469B-A2CC-DF01D1F227B2}.Release|Any CPU.Build.0 = Release|Any CPU
	EndGlobalSection
	GlobalSection(SolutionProperties) = preSolution
		HideSolutionNode = FALSE
	EndGlobalSection
	GlobalSection(ExtensibilityGlobals) = postSolution
		SolutionGuid = {F16C1278-8942-4093-8771-1963FEA19D1F}
	EndGlobalSection
EndGlobal
