
Microsoft Visual Studio Solution File, Format Version 12.00
# Visual Studio Version 17
VisualStudioVersion = 17.8.34601.278
MinimumVisualStudioVersion = 10.0.40219.1
Project("{FAE04EC0-301F-11D3-BF4B-00C04F79EFBC}") = "TempleOfDoom", "01. Temple of Doom\TempleOfDoom.csproj", "{BCA48A5F-19FC-41B5-83F9-2C4BD47DFB27}"
EndProject
Project("{FAE04EC0-301F-11D3-BF4B-00C04F79EFBC}") = "MouseInTheKitchen", "MouseInTheKitchen\MouseInTheKitchen.csproj", "{744024F3-9BAE-46D2-96A5-55DC4BDB2EB8}"
EndProject
Project("{FAE04EC0-301F-11D3-BF4B-00C04F79EFBC}") = "AutomotiveRepairShop", "AutomotiveRepairShop\AutomotiveRepairShop.csproj", "{1EFE1998-8DB6-45FB-BF26-A2171019DF44}"
EndProject
Global
	GlobalSection(SolutionConfigurationPlatforms) = preSolution
		Debug|Any CPU = Debug|Any CPU
		Release|Any CPU = Release|Any CPU
	EndGlobalSection
	GlobalSection(ProjectConfigurationPlatforms) = postSolution
		{BCA48A5F-19FC-41B5-83F9-2C4BD47DFB27}.Debug|Any CPU.ActiveCfg = Debug|Any CPU
		{BCA48A5F-19FC-41B5-83F9-2C4BD47DFB27}.Debug|Any CPU.Build.0 = Debug|Any CPU
		{BCA48A5F-19FC-41B5-83F9-2C4BD47DFB27}.Release|Any CPU.ActiveCfg = Release|Any CPU
		{BCA48A5F-19FC-41B5-83F9-2C4BD47DFB27}.Release|Any CPU.Build.0 = Release|Any CPU
		{744024F3-9BAE-46D2-96A5-55DC4BDB2EB8}.Debug|Any CPU.ActiveCfg = Debug|Any CPU
		{744024F3-9BAE-46D2-96A5-55DC4BDB2EB8}.Debug|Any CPU.Build.0 = Debug|Any CPU
		{744024F3-9BAE-46D2-96A5-55DC4BDB2EB8}.Release|Any CPU.ActiveCfg = Release|Any CPU
		{744024F3-9BAE-46D2-96A5-55DC4BDB2EB8}.Release|Any CPU.Build.0 = Release|Any CPU
		{1EFE1998-8DB6-45FB-BF26-A2171019DF44}.Debug|Any CPU.ActiveCfg = Debug|Any CPU
		{1EFE1998-8DB6-45FB-BF26-A2171019DF44}.Debug|Any CPU.Build.0 = Debug|Any CPU
		{1EFE1998-8DB6-45FB-BF26-A2171019DF44}.Release|Any CPU.ActiveCfg = Release|Any CPU
		{1EFE1998-8DB6-45FB-BF26-A2171019DF44}.Release|Any CPU.Build.0 = Release|Any CPU
	EndGlobalSection
	GlobalSection(SolutionProperties) = preSolution
		HideSolutionNode = FALSE
	EndGlobalSection
	GlobalSection(ExtensibilityGlobals) = postSolution
		SolutionGuid = {BC9EA959-8E66-4093-92C3-78116640BA00}
	EndGlobalSection
EndGlobal
