
Microsoft Visual Studio Solution File, Format Version 12.00
# Visual Studio Version 17
VisualStudioVersion = 17.8.34601.278
MinimumVisualStudioVersion = 10.0.40219.1
Project("{9A19103F-16F7-4668-BE54-9A1E7A4F7556}") = "SingleInheritance", "SingleInheritance\SingleInheritance.csproj", "{B8198CBD-9A33-464B-BFD7-8E1276E0518F}"
EndProject
Project("{FAE04EC0-301F-11D3-BF4B-00C04F79EFBC}") = "MultipleInheritance", "MultipleInheritance\MultipleInheritance.csproj", "{7668828D-7ADD-4821-AC78-6904D7735C18}"
EndProject
Project("{FAE04EC0-301F-11D3-BF4B-00C04F79EFBC}") = "HierarchicalInheritance", "HierarchicalInheritance\HierarchicalInheritance.csproj", "{43ED63A3-8DE6-4770-8853-78E22E0CC60D}"
EndProject
Project("{FAE04EC0-301F-11D3-BF4B-00C04F79EFBC}") = "RandomList", "RandomList\RandomList.csproj", "{830D690C-B680-4EE7-AE89-8BB375D26789}"
EndProject
Project("{FAE04EC0-301F-11D3-BF4B-00C04F79EFBC}") = "StackOfStrings", "StackOfStrings\StackOfStrings.csproj", "{92D8CD22-23C7-49AF-9010-15DD47A384B5}"
EndProject
Global
	GlobalSection(SolutionConfigurationPlatforms) = preSolution
		Debug|Any CPU = Debug|Any CPU
		Release|Any CPU = Release|Any CPU
	EndGlobalSection
	GlobalSection(ProjectConfigurationPlatforms) = postSolution
		{B8198CBD-9A33-464B-BFD7-8E1276E0518F}.Debug|Any CPU.ActiveCfg = Debug|Any CPU
		{B8198CBD-9A33-464B-BFD7-8E1276E0518F}.Debug|Any CPU.Build.0 = Debug|Any CPU
		{B8198CBD-9A33-464B-BFD7-8E1276E0518F}.Release|Any CPU.ActiveCfg = Release|Any CPU
		{B8198CBD-9A33-464B-BFD7-8E1276E0518F}.Release|Any CPU.Build.0 = Release|Any CPU
		{7668828D-7ADD-4821-AC78-6904D7735C18}.Debug|Any CPU.ActiveCfg = Debug|Any CPU
		{7668828D-7ADD-4821-AC78-6904D7735C18}.Debug|Any CPU.Build.0 = Debug|Any CPU
		{7668828D-7ADD-4821-AC78-6904D7735C18}.Release|Any CPU.ActiveCfg = Release|Any CPU
		{7668828D-7ADD-4821-AC78-6904D7735C18}.Release|Any CPU.Build.0 = Release|Any CPU
		{43ED63A3-8DE6-4770-8853-78E22E0CC60D}.Debug|Any CPU.ActiveCfg = Debug|Any CPU
		{43ED63A3-8DE6-4770-8853-78E22E0CC60D}.Debug|Any CPU.Build.0 = Debug|Any CPU
		{43ED63A3-8DE6-4770-8853-78E22E0CC60D}.Release|Any CPU.ActiveCfg = Release|Any CPU
		{43ED63A3-8DE6-4770-8853-78E22E0CC60D}.Release|Any CPU.Build.0 = Release|Any CPU
		{830D690C-B680-4EE7-AE89-8BB375D26789}.Debug|Any CPU.ActiveCfg = Debug|Any CPU
		{830D690C-B680-4EE7-AE89-8BB375D26789}.Debug|Any CPU.Build.0 = Debug|Any CPU
		{830D690C-B680-4EE7-AE89-8BB375D26789}.Release|Any CPU.ActiveCfg = Release|Any CPU
		{830D690C-B680-4EE7-AE89-8BB375D26789}.Release|Any CPU.Build.0 = Release|Any CPU
		{92D8CD22-23C7-49AF-9010-15DD47A384B5}.Debug|Any CPU.ActiveCfg = Debug|Any CPU
		{92D8CD22-23C7-49AF-9010-15DD47A384B5}.Debug|Any CPU.Build.0 = Debug|Any CPU
		{92D8CD22-23C7-49AF-9010-15DD47A384B5}.Release|Any CPU.ActiveCfg = Release|Any CPU
		{92D8CD22-23C7-49AF-9010-15DD47A384B5}.Release|Any CPU.Build.0 = Release|Any CPU
	EndGlobalSection
	GlobalSection(SolutionProperties) = preSolution
		HideSolutionNode = FALSE
	EndGlobalSection
	GlobalSection(ExtensibilityGlobals) = postSolution
		SolutionGuid = {3F01094B-F98F-40CA-90E3-A0C629D753C0}
	EndGlobalSection
EndGlobal
