
Microsoft Visual Studio Solution File, Format Version 12.00
# Visual Studio Version 17
VisualStudioVersion = 17.6.33815.320
MinimumVisualStudioVersion = 10.0.40219.1
Project("{9A19103F-16F7-4668-BE54-9A1E7A4F7556}") = "01. Ranking", "01. Ranking\01. Ranking.csproj", "{5BE70C97-EFA4-41BF-BAD7-471E1CF7D092}"
EndProject
Project("{9A19103F-16F7-4668-BE54-9A1E7A4F7556}") = "02. Judge", "02. Judge\02. Judge.csproj", "{FAC2AEB5-23F3-4423-9544-03F816CF3E04}"
EndProject
Project("{9A19103F-16F7-4668-BE54-9A1E7A4F7556}") = "03. MOBA Challenger", "03. MOBA Challenger\03. MOBA Challenger.csproj", "{B9E3FA04-20F7-423E-8B8A-5DF0B99F0205}"
EndProject
Project("{FAE04EC0-301F-11D3-BF4B-00C04F79EFBC}") = "04. Snowwhite", "04. Snowwhite\04. Snowwhite.csproj", "{91C1C690-2E5D-4294-92BC-ABF27532B1B1}"
EndProject
Project("{FAE04EC0-301F-11D3-BF4B-00C04F79EFBC}") = "05. Dragon Army", "05. Dragon Army\05. Dragon Army.csproj", "{047400C8-6277-4005-9ABE-C27DE980BF57}"
EndProject
Global
	GlobalSection(SolutionConfigurationPlatforms) = preSolution
		Debug|Any CPU = Debug|Any CPU
		Release|Any CPU = Release|Any CPU
	EndGlobalSection
	GlobalSection(ProjectConfigurationPlatforms) = postSolution
		{5BE70C97-EFA4-41BF-BAD7-471E1CF7D092}.Debug|Any CPU.ActiveCfg = Debug|Any CPU
		{5BE70C97-EFA4-41BF-BAD7-471E1CF7D092}.Debug|Any CPU.Build.0 = Debug|Any CPU
		{5BE70C97-EFA4-41BF-BAD7-471E1CF7D092}.Release|Any CPU.ActiveCfg = Release|Any CPU
		{5BE70C97-EFA4-41BF-BAD7-471E1CF7D092}.Release|Any CPU.Build.0 = Release|Any CPU
		{FAC2AEB5-23F3-4423-9544-03F816CF3E04}.Debug|Any CPU.ActiveCfg = Debug|Any CPU
		{FAC2AEB5-23F3-4423-9544-03F816CF3E04}.Debug|Any CPU.Build.0 = Debug|Any CPU
		{FAC2AEB5-23F3-4423-9544-03F816CF3E04}.Release|Any CPU.ActiveCfg = Release|Any CPU
		{FAC2AEB5-23F3-4423-9544-03F816CF3E04}.Release|Any CPU.Build.0 = Release|Any CPU
		{B9E3FA04-20F7-423E-8B8A-5DF0B99F0205}.Debug|Any CPU.ActiveCfg = Debug|Any CPU
		{B9E3FA04-20F7-423E-8B8A-5DF0B99F0205}.Debug|Any CPU.Build.0 = Debug|Any CPU
		{B9E3FA04-20F7-423E-8B8A-5DF0B99F0205}.Release|Any CPU.ActiveCfg = Release|Any CPU
		{B9E3FA04-20F7-423E-8B8A-5DF0B99F0205}.Release|Any CPU.Build.0 = Release|Any CPU
		{91C1C690-2E5D-4294-92BC-ABF27532B1B1}.Debug|Any CPU.ActiveCfg = Debug|Any CPU
		{91C1C690-2E5D-4294-92BC-ABF27532B1B1}.Debug|Any CPU.Build.0 = Debug|Any CPU
		{91C1C690-2E5D-4294-92BC-ABF27532B1B1}.Release|Any CPU.ActiveCfg = Release|Any CPU
		{91C1C690-2E5D-4294-92BC-ABF27532B1B1}.Release|Any CPU.Build.0 = Release|Any CPU
		{047400C8-6277-4005-9ABE-C27DE980BF57}.Debug|Any CPU.ActiveCfg = Debug|Any CPU
		{047400C8-6277-4005-9ABE-C27DE980BF57}.Debug|Any CPU.Build.0 = Debug|Any CPU
		{047400C8-6277-4005-9ABE-C27DE980BF57}.Release|Any CPU.ActiveCfg = Release|Any CPU
		{047400C8-6277-4005-9ABE-C27DE980BF57}.Release|Any CPU.Build.0 = Release|Any CPU
	EndGlobalSection
	GlobalSection(SolutionProperties) = preSolution
		HideSolutionNode = FALSE
	EndGlobalSection
	GlobalSection(ExtensibilityGlobals) = postSolution
		SolutionGuid = {02A09AC6-1AF7-4931-943D-35AE044B980F}
	EndGlobalSection
EndGlobal
