
Microsoft Visual Studio Solution File, Format Version 12.00
# Visual Studio Version 17
VisualStudioVersion = 17.8.34511.84
MinimumVisualStudioVersion = 10.0.40219.1
Project("{FAE04EC0-301F-11D3-BF4B-00C04F79EFBC}") = "01. Sort Even Numbers", "01. Sort Even Numbers\01. Sort Even Numbers.csproj", "{8B5F32E0-3852-449C-A046-AD4D5AF633F4}"
EndProject
Project("{FAE04EC0-301F-11D3-BF4B-00C04F79EFBC}") = "02. Sum Numbers", "02. Sum Numbers\02. Sum Numbers.csproj", "{377DA37D-050E-4E3F-BEAA-6961DB89FAE3}"
EndProject
Project("{FAE04EC0-301F-11D3-BF4B-00C04F79EFBC}") = "03. Count Uppercase Words", "03. Count Uppercase Words\03. Count Uppercase Words.csproj", "{0FF44252-E746-4FF6-AF27-2CCF594D8320}"
EndProject
Project("{FAE04EC0-301F-11D3-BF4B-00C04F79EFBC}") = "04. Add VAT", "04. Add VAT\04. Add VAT.csproj", "{4C18AE94-C078-48CA-B462-F4A615D27CDB}"
EndProject
Project("{FAE04EC0-301F-11D3-BF4B-00C04F79EFBC}") = "05. Filter By Age", "05. Filter By Age\05. Filter By Age.csproj", "{62AE16BB-3C9F-4A2A-A7FE-9BA9AB99A227}"
EndProject
Global
	GlobalSection(SolutionConfigurationPlatforms) = preSolution
		Debug|Any CPU = Debug|Any CPU
		Release|Any CPU = Release|Any CPU
	EndGlobalSection
	GlobalSection(ProjectConfigurationPlatforms) = postSolution
		{8B5F32E0-3852-449C-A046-AD4D5AF633F4}.Debug|Any CPU.ActiveCfg = Debug|Any CPU
		{8B5F32E0-3852-449C-A046-AD4D5AF633F4}.Debug|Any CPU.Build.0 = Debug|Any CPU
		{8B5F32E0-3852-449C-A046-AD4D5AF633F4}.Release|Any CPU.ActiveCfg = Release|Any CPU
		{8B5F32E0-3852-449C-A046-AD4D5AF633F4}.Release|Any CPU.Build.0 = Release|Any CPU
		{377DA37D-050E-4E3F-BEAA-6961DB89FAE3}.Debug|Any CPU.ActiveCfg = Debug|Any CPU
		{377DA37D-050E-4E3F-BEAA-6961DB89FAE3}.Debug|Any CPU.Build.0 = Debug|Any CPU
		{377DA37D-050E-4E3F-BEAA-6961DB89FAE3}.Release|Any CPU.ActiveCfg = Release|Any CPU
		{377DA37D-050E-4E3F-BEAA-6961DB89FAE3}.Release|Any CPU.Build.0 = Release|Any CPU
		{0FF44252-E746-4FF6-AF27-2CCF594D8320}.Debug|Any CPU.ActiveCfg = Debug|Any CPU
		{0FF44252-E746-4FF6-AF27-2CCF594D8320}.Debug|Any CPU.Build.0 = Debug|Any CPU
		{0FF44252-E746-4FF6-AF27-2CCF594D8320}.Release|Any CPU.ActiveCfg = Release|Any CPU
		{0FF44252-E746-4FF6-AF27-2CCF594D8320}.Release|Any CPU.Build.0 = Release|Any CPU
		{4C18AE94-C078-48CA-B462-F4A615D27CDB}.Debug|Any CPU.ActiveCfg = Debug|Any CPU
		{4C18AE94-C078-48CA-B462-F4A615D27CDB}.Debug|Any CPU.Build.0 = Debug|Any CPU
		{4C18AE94-C078-48CA-B462-F4A615D27CDB}.Release|Any CPU.ActiveCfg = Release|Any CPU
		{4C18AE94-C078-48CA-B462-F4A615D27CDB}.Release|Any CPU.Build.0 = Release|Any CPU
		{62AE16BB-3C9F-4A2A-A7FE-9BA9AB99A227}.Debug|Any CPU.ActiveCfg = Debug|Any CPU
		{62AE16BB-3C9F-4A2A-A7FE-9BA9AB99A227}.Debug|Any CPU.Build.0 = Debug|Any CPU
		{62AE16BB-3C9F-4A2A-A7FE-9BA9AB99A227}.Release|Any CPU.ActiveCfg = Release|Any CPU
		{62AE16BB-3C9F-4A2A-A7FE-9BA9AB99A227}.Release|Any CPU.Build.0 = Release|Any CPU
	EndGlobalSection
	GlobalSection(SolutionProperties) = preSolution
		HideSolutionNode = FALSE
	EndGlobalSection
	GlobalSection(ExtensibilityGlobals) = postSolution
		SolutionGuid = {B1785233-A3C9-4D08-8B53-898DD19DB5B7}
	EndGlobalSection
EndGlobal
